
Microsoft Visual Studio Solution File, Format Version 12.00
# Visual Studio 15
VisualStudioVersion = 15.0.28307.168
MinimumVisualStudioVersion = 10.0.40219.1
Project("{FAE04EC0-301F-11D3-BF4B-00C04F79EFBC}") = "bollerBL", "bollerBL\bollerBL.csproj", "{B9503907-6B24-4C71-A888-8DECAD65B0E4}"
EndProject
Global
	GlobalSection(SolutionConfigurationPlatforms) = preSolution
		Debug|Any CPU = Debug|Any CPU
		Release|Any CPU = Release|Any CPU
	EndGlobalSection
	GlobalSection(ProjectConfigurationPlatforms) = postSolution
		{B9503907-6B24-4C71-A888-8DECAD65B0E4}.Debug|Any CPU.ActiveCfg = Debug|Any CPU
		{B9503907-6B24-4C71-A888-8DECAD65B0E4}.Debug|Any CPU.Build.0 = Debug|Any CPU
		{B9503907-6B24-4C71-A888-8DECAD65B0E4}.Release|Any CPU.ActiveCfg = Release|Any CPU
		{B9503907-6B24-4C71-A888-8DECAD65B0E4}.Release|Any CPU.Build.0 = Release|Any CPU
	EndGlobalSection
	GlobalSection(SolutionProperties) = preSolution
		HideSolutionNode = FALSE
	EndGlobalSection
	GlobalSection(ExtensibilityGlobals) = postSolution
		SolutionGuid = {70044984-211E-4B3C-9E0B-EB55021A41A6}
	EndGlobalSection
EndGlobal
